lockfileVersion: '6.0'

settings:
  autoInstallPeers: true
  excludeLinksFromLockfile: false

devDependencies:
  '@rsbuild/core':
    specifier: ^0.7.2
    version: 0.7.2

packages:

  /@module-federation/runtime-tools@0.1.6:
    resolution: {integrity: sha512-7ILVnzMIa0Dlc0Blck5tVZG1tnk1MmLnuZpLOMpbdW+zl+N6wdMjjHMjEZFCUAJh2E5XJ3BREwfX8Ets0nIkLg==}
    dependencies:
      '@module-federation/runtime': 0.1.6
      '@module-federation/webpack-bundler-runtime': 0.1.6
    dev: true

  /@module-federation/runtime@0.1.6:
    resolution: {integrity: sha512-nj6a+yJ+QxmcE89qmrTl4lphBIoAds0PFPVGnqLRWflwAP88jrCcrrTqRhARegkFDL+wE9AE04+h6jzlbIfMKg==}
    dependencies:
      '@module-federation/sdk': 0.1.6
    dev: true

  /@module-federation/sdk@0.1.6:
    resolution: {integrity: sha512-qifXpyYLM7abUeEOIfv0oTkguZgRZuwh89YOAYIZJlkP6QbRG7DJMQvtM8X2yHXm9PTk0IYNnOJH0vNQCo6auQ==}
    dev: true

  /@module-federation/webpack-bundler-runtime@0.1.6:
    resolution: {integrity: sha512-K5WhKZ4RVNaMEtfHsd/9CNCgGKB0ipbm/tgweNNeC11mEuBTNxJ09Y630vg3WPkKv9vfMCuXg2p2Dk+Q/KWTSA==}
    dependencies:
      '@module-federation/runtime': 0.1.6
      '@module-federation/sdk': 0.1.6
    dev: true

  /@rsbuild/core@0.7.2:
    resolution: {integrity: sha512-Rv0TAmrhvSoyDJkBYDZ23RrIEAbdWQ6yKJtEZBQt9ZqpaNXoi/TNy9DOC2IjQIBaHGS2tH/j9ker1lQFEdgUIg==}
    engines: {node: '>=16.0.0'}
    hasBin: true
    dependencies:
      '@rsbuild/shared': 0.7.2(@swc/helpers@0.5.3)
      '@rspack/core': 0.7.0(@swc/helpers@0.5.3)
      '@swc/helpers': 0.5.3
      core-js: 3.36.1
      html-webpack-plugin: /html-rspack-plugin@5.7.2(@rspack/core@0.7.0)
      postcss: 8.4.38
    dev: true

  /@rsbuild/shared@0.7.2(@swc/helpers@0.5.3):
    resolution: {integrity: sha512-mX3PACf1DNdd8pIgPzjAuNEAPu1skr3rKGrZPUPhZ/nLX1rYJHJlIXWRuczscNGECs2QnPlqlgRgDbEaxPaPSQ==}
    dependencies:
      '@rspack/core': 0.7.0(@swc/helpers@0.5.3)
      caniuse-lite: 1.0.30001625
      html-webpack-plugin: /html-rspack-plugin@5.7.2(@rspack/core@0.7.0)
      postcss: 8.4.38
    optionalDependencies:
      fsevents: 2.3.3
    transitivePeerDependencies:
      - '@swc/helpers'
    dev: true

  /@rspack/binding-darwin-arm64@0.7.0:
    resolution: {integrity: sha512-vh+7sICv2L4hrtRZcoxwdwHRqKPM88PAtq1CcTkACEohOfxnRSJSfSvVYNMbOpqBkSUOQ6v2V9uy2UThtNqvKg==}
    cpu: [arm64]
    os: [darwin]
    requiresBuild: true
    dev: true
    optional: true

  /@rspack/binding-darwin-x64@0.7.0:
    resolution: {integrity: sha512-E7cFk/1oMuAqvIsLCAEzI6p+/W3NoZyfSmjQ1s7MV9ylrPtwwzGnMcEbNzcRkemSw1dhxSzlgKT50cl8Pa+mVg==}
    cpu: [x64]
    os: [darwin]
    requiresBuild: true
    dev: true
    optional: true

  /@rspack/binding-linux-arm64-gnu@0.7.0:
    resolution: {integrity: sha512-jcengiNNBm/5u3gUzVduqMBJ2uzUgUE7e9D4WK/gHXSYkk0m25iLxLhDCSnWQKxAgv8Tu71zkOUsiliZqjqJdA==}
    cpu: [arm64]
    os: [linux]
    requiresBuild: true
    dev: true
    optional: true

  /@rspack/binding-linux-arm64-musl@0.7.0:
    resolution: {integrity: sha512-CHeuGNeztufbHChQ6TyBin4R0iDE0c10J4/7XoX6DiDlDLoFRdB5OF55UeD9g+W/dj1MeZfkW38kezjQdi/vSg==}
    cpu: [arm64]
    os: [linux]
    requiresBuild: true
    dev: true
    optional: true

  /@rspack/binding-linux-x64-gnu@0.7.0:
    resolution: {integrity: sha512-p0fQaiy9Sdyu3GTd8dfvOeAfyM9y08XuRAQdGDy5AcxZvbHZW/h7Jww5bXdbzIf49p8ojEvLG7qfg953a81n4A==}
    cpu: [x64]
    os: [linux]
    requiresBuild: true
    dev: true
    optional: true

  /@rspack/binding-linux-x64-musl@0.7.0:
    resolution: {integrity: sha512-+PwF/Kw40i9+zze/Ys2OhyN2fKcnYGo2V3cp9xTn+8R+CzQhZh9cAU/1DVDJpnTs0p9wKktAp8nIQTcVrWzK7A==}
    cpu: [x64]
    os: [linux]
    requiresBuild: true
    dev: true
    optional: true

  /@rspack/binding-win32-arm64-msvc@0.7.0:
    resolution: {integrity: sha512-OJj6JHAzdvPeKagLnFcHRTd7/ybERTj7hoAWsagdLsYAB8i/hBIah4U92RArYfQJLkvZbqsiimhGTwTZPh0Miw==}
    cpu: [arm64]
    os: [win32]
    requiresBuild: true
    dev: true
    optional: true

  /@rspack/binding-win32-ia32-msvc@0.7.0:
    resolution: {integrity: sha512-5WBiRi2rvrBbM5HvIgg4iI2H3S9fz89plczKc676iqwcddUAbYYOhQ311q137KqMo3IZ3LQjVia1wxFaXY9oxw==}
    cpu: [ia32]
    os: [win32]
    requiresBuild: true
    dev: true
    optional: true

  /@rspack/binding-win32-x64-msvc@0.7.0:
    resolution: {integrity: sha512-4j9DFdfEyptC9vNz4CM6IM4z1EInc2dnB3k+YDRtSZDDlOW7jequvhgv+8nSqabeM1sp/GXWkz/rap6jLJKMpA==}
    cpu: [x64]
    os: [win32]
    requiresBuild: true
    dev: true
    optional: true

  /@rspack/binding@0.7.0:
    resolution: {integrity: sha512-L4bSeF951uJs3e7KakfJJgK0o2TfWsCbaqOQIEa5Aw20olO1I4P7gRK1RZUSlMLXWZ09iF+81Ei7gKQmh1ABLA==}
    optionalDependencies:
      '@rspack/binding-darwin-arm64': 0.7.0
      '@rspack/binding-darwin-x64': 0.7.0
      '@rspack/binding-linux-arm64-gnu': 0.7.0
      '@rspack/binding-linux-arm64-musl': 0.7.0
      '@rspack/binding-linux-x64-gnu': 0.7.0
      '@rspack/binding-linux-x64-musl': 0.7.0
      '@rspack/binding-win32-arm64-msvc': 0.7.0
      '@rspack/binding-win32-ia32-msvc': 0.7.0
      '@rspack/binding-win32-x64-msvc': 0.7.0
    dev: true

  /@rspack/core@0.7.0(@swc/helpers@0.5.3):
    resolution: {integrity: sha512-1KsI17Ejx5jGrMO+iApvXLfH2l0KDwXhWsLlbvHQ2/RKAx6qjvw8qoE18etBQYEcgh1bzruuRiNBLkKnk5nf7A==}
    engines: {node: '>=16.0.0'}
    peerDependencies:
      '@swc/helpers': '>=0.5.1'
    peerDependenciesMeta:
      '@swc/helpers':
        optional: true
    dependencies:
      '@module-federation/runtime-tools': 0.1.6
      '@rspack/binding': 0.7.0
      '@swc/helpers': 0.5.3
      caniuse-lite: 1.0.30001625
      tapable: 2.2.1
      webpack-sources: 3.2.3
    dev: true

  /@swc/helpers@0.5.3:
    resolution: {integrity: sha512-FaruWX6KdudYloq1AHD/4nU+UsMTdNE8CKyrseXWEcgjDAbvkwJg2QGPAnfIJLIWsjZOSPLOAykK6fuYp4vp4A==}
    dependencies:
      tslib: 2.6.2
    dev: true

  /caniuse-lite@1.0.30001625:
    resolution: {integrity: sha512-4KE9N2gcRH+HQhpeiRZXd+1niLB/XNLAhSy4z7fI8EzcbcPoAqjNInxVHTiTwWfTIV4w096XG8OtCOCQQKPv3w==}
    dev: true

  /core-js@3.36.1:
    resolution: {integrity: sha512-BTvUrwxVBezj5SZ3f10ImnX2oRByMxql3EimVqMysepbC9EeMUOpLwdy6Eoili2x6E4kf+ZUB5k/+Jv55alPfA==}
    requiresBuild: true
    dev: true

  /fsevents@2.3.3:
    resolution: {integrity: sha512-5xoDfX+fL7faATnagmWPpbFtwh/R77WmMMqqHGS65C3vvB0YHrgF+B1YmZ3441tMj5n63k0212XNoJwzlhffQw==}
    engines: {node: ^8.16.0 || ^10.6.0 || >=11.0.0}
    os: [darwin]
    requiresBuild: true
    dev: true
    optional: true

  /html-rspack-plugin@5.7.2(@rspack/core@0.7.0):
    resolution: {integrity: sha512-uVXGYq19bcsX7Q/53VqXQjCKXw0eUMHlFGDLTaqzgj/ckverfhZQvXyA6ecFBaF9XUH16jfCTCyALYi0lJcagg==}
    engines: {node: '>=10.13.0'}
    peerDependencies:
      '@rspack/core': 0.x || 1.x
    peerDependenciesMeta:
      '@rspack/core':
        optional: true
    dependencies:
      '@rspack/core': 0.7.0(@swc/helpers@0.5.3)
    dev: true

  /nanoid@3.3.7:
    resolution: {integrity: sha512-eSRppjcPIatRIMC1U6UngP8XFcz8MQWGQdt1MTBQ7NaAmvXDfvNxbvWV3x2y6CdEUciCSsDHDQZbhYaB8QEo2g==}
    engines: {node: ^10 || ^12 || ^13.7 || ^14 || >=15.0.1}
    hasBin: true
    dev: true

  /picocolors@1.0.1:
    resolution: {integrity: sha512-anP1Z8qwhkbmu7MFP5iTt+wQKXgwzf7zTyGlcdzabySa9vd0Xt392U0rVmz9poOaBj0uHJKyyo9/upk0HrEQew==}
    dev: true

  /postcss@8.4.38:
    resolution: {integrity: sha512-Wglpdk03BSfXkHoQa3b/oulrotAkwrlLDRSOb9D0bN86FdRyE9lppSp33aHNPgBa0JKCoB+drFLZkQoRRYae5A==}
    engines: {node: ^10 || ^12 || >=14}
    dependencies:
      nanoid: 3.3.7
      picocolors: 1.0.1
      source-map-js: 1.2.0
    dev: true

  /source-map-js@1.2.0:
    resolution: {integrity: sha512-itJW8lvSA0TXEphiRoawsCksnlf8SyvmFzIhltqAHluXd88pkCd+cXJVHTDwdCr0IzwptSm035IHQktUu1QUMg==}
    engines: {node: '>=0.10.0'}
    dev: true

  /tapable@2.2.1:
    resolution: {integrity: sha512-GNzQvQTOIP6RyTfE2Qxb8ZVlNmw0n88vp1szwWRimP02mnTsx3Wtn5qRdqY9w2XduFNUgvOwhNnQsjwCp+kqaQ==}
    engines: {node: '>=6'}
    dev: true

  /tslib@2.6.2:
    resolution: {integrity: sha512-AEYxH93jGFPn/a2iVAwW87VuUIkR1FVUKB77NwMF7nBTDkDrrT/Hpt/IrCJ0QXhW27jTBDcf5ZY7w6RiqTMw2Q==}
    dev: true

  /webpack-sources@3.2.3:
    resolution: {integrity: sha512-/DyMEOrDgLKKIG0fmvtz+4dUX/3Ghozwgm6iPp8KRhvn+eQf9+Q7GWxVNMk3+uCPWfdXYC4ExGBckIXdFEfH1w==}
    engines: {node: '>=10.13.0'}
    dev: true
